// !$*UTF8*$!
{
	archiveVersion = 1;
	classes = {
	};
	objectVersion = 46;
	objects = {

/* Begin PBXBuildFile section */
		53D1420F1C3D884D0051A7E9 /* main.m in Sources */ = {isa = PBXBuildFile; fileRef = 53D1420E1C3D884D0051A7E9 /* main.m */; };
		53D142121C3D884D0051A7E9 /* DDAppDelegate.m in Sources */ = {isa = PBXBuildFile; fileRef = 53D142111C3D884D0051A7E9 /* DDAppDelegate.m */; };
		53D142151C3D884D0051A7E9 /* DDViewController.m in Sources */ = {isa = PBXBuildFile; fileRef = 53D142141C3D884D0051A7E9 /* DDViewController.m */; };
		53D142181C3D884D0051A7E9 /* Main.storyboard in Resources */ = {isa = PBXBuildFile; fileRef = 53D142161C3D884D0051A7E9 /* Main.storyboard */; };
		53D1421A1C3D884D0051A7E9 /* Assets.xcassets in Resources */ = {isa = PBXBuildFile; fileRef = 53D142191C3D884D0051A7E9 /* Assets.xcassets */; };
		53D1421D1C3D884D0051A7E9 /* LaunchScreen.storyboard in Resources */ = {isa = PBXBuildFile; fileRef = 53D1421B1C3D884D0051A7E9 /* LaunchScreen.storyboard */; };
		53D142281C3D884D0051A7E9 /* DownloadDemoTests.m in Sources */ = {isa = PBXBuildFile; fileRef = 53D142271C3D884D0051A7E9 /* DownloadDemoTests.m */; };
		B4FAA122D02097F6C1A41E31 /* libPods-DownloadDemo.a in Frameworks */ = {isa = PBXBuildFile; fileRef = 4BB87344AE9017CBEFC89563 /* libPods-DownloadDemo.a */; };
/* End PBXBuildFile section */

/* Begin PBXContainerItemProxy section */
		53D142241C3D884D0051A7E9 /* PBXContainerItemProxy */ = {
			isa = PBXContainerItemProxy;
			containerPortal = 53D142021C3D884D0051A7E9 /* Project object */;
			proxyType = 1;
			remoteGlobalIDString = 53D142091C3D884D0051A7E9;
			remoteInfo = DownloadDemo;
		};
/* End PBXContainerItemProxy section */

/* Begin PBXFileReference section */
		17E60683C41944201638BC70 /* Pods-DownloadDemo.release.xcconfig */ = {isa = PBXFileReference; includeInIndex = 1; lastKnownFileType = text.xcconfig; name = "Pods-DownloadDemo.release.xcconfig"; path = "Pods/Target Support Files/Pods-DownloadDemo/Pods-DownloadDemo.release.xcconfig"; sourceTree = "<group>"; };
		4BB87344AE9017CBEFC89563 /* libPods-DownloadDemo.a */ = {isa = PBXFileReference; explicitFileType = archive.ar; includeInIndex = 0; path = "libPods-DownloadDemo.a"; sourceTree = BUILT_PRODUCTS_DIR; };
		53D1420A1C3D884D0051A7E9 /* DownloadDemo.app */ = {isa = PBXFileReference; explicitFileType = wrapper.application; includeInIndex = 0; path = DownloadDemo.app; sourceTree = BUILT_PRODUCTS_DIR; };
		53D1420E1C3D884D0051A7E9 /* main.m */ = {isa = PBXFileReference; lastKnownFileType = sourcecode.c.objc; path = main.m; sourceTree = "<group>"; };
		53D142101C3D884D0051A7E9 /* DDAppDelegate.h */ = {isa = PBXFileReference; lastKnownFileType = sourcecode.c.h; path = DDAppDelegate.h; sourceTree = "<group>"; };
		53D142111C3D884D0051A7E9 /* DDAppDelegate.m */ = {isa = PBXFileReference; lastKnownFileType = sourcecode.c.objc; path = DDAppDelegate.m; sourceTree = "<group>"; };
		53D142131C3D884D0051A7E9 /* DDViewController.h */ = {isa = PBXFileReference; lastKnownFileType = sourcecode.c.h; path = DDViewController.h; sourceTree = "<group>"; };
		53D142141C3D884D0051A7E9 /* DDViewController.m */ = {isa = PBXFileReference; lastKnownFileType = sourcecode.c.objc; path = DDViewController.m; sourceTree = "<group>"; };
		53D142171C3D884D0051A7E9 /* Base */ = {isa = PBXFileReference; lastKnownFileType = file.storyboard; name = Base; path = Base.lproj/Main.storyboard; sourceTree = "<group>"; };
		53D142191C3D884D0051A7E9 /* Assets.xcassets */ = {isa = PBXFileReference; lastKnownFileType = folder.assetcatalog; path = Assets.xcassets; sourceTree = "<group>"; };
		53D1421C1C3D884D0051A7E9 /* Base */ = {isa = PBXFileReference; lastKnownFileType = file.storyboard; name = Base; path = Base.lproj/LaunchScreen.storyboard; sourceTree = "<group>"; };
		53D1421E1C3D884D0051A7E9 /* Info.plist */ = {isa = PBXFileReference; lastKnownFileType = text.plist.xml; path = Info.plist; sourceTree = "<group>"; };
		53D142231C3D884D0051A7E9 /* DownloadDemoTests.xctest */ = {isa = PBXFileReference; explicitFileType = wrapper.cfbundle; includeInIndex = 0; path = DownloadDemoTests.xctest; sourceTree = BUILT_PRODUCTS_DIR; };
		53D142271C3D884D0051A7E9 /* DownloadDemoTests.m */ = {isa = PBXFileReference; lastKnownFileType = sourcecode.c.objc; path = DownloadDemoTests.m; sourceTree = "<group>"; };
		53D142291C3D884D0051A7E9 /* Info.plist */ = {isa = PBXFileReference; lastKnownFileType = text.plist.xml; path = Info.plist; sourceTree = "<group>"; };
		87EEFEF1B47046B38B9DAB8F /* Pods-DownloadDemo.debug.xcconfig */ = {isa = PBXFileReference; includeInIndex = 1; lastKnownFileType = text.xcconfig; name = "Pods-DownloadDemo.debug.xcconfig"; path = "Pods/Target Support Files/Pods-DownloadDemo/Pods-DownloadDemo.debug.xcconfig"; sourceTree = "<group>"; };
/* End PBXFileReference section */

/* Begin PBXFrameworksBuildPhase section */
		53D142071C3D884D0051A7E9 /* Frameworks */ = {
			isa = PBXFrameworksBuildPhase;
			buildActionMask = 2147483647;
			files = (
				B4FAA122D02097F6C1A41E31 /* libPods-DownloadDemo.a in Frameworks */,
			);
			runOnlyForDeploymentPostprocessing = 0;
		};
		53D142201C3D884D0051A7E9 /* Frameworks */ = {
			isa = PBXFrameworksBuildPhase;
			buildActionMask = 2147483647;
			files = (
			);
			runOnlyForDeploymentPostprocessing = 0;
		};
/* End PBXFrameworksBuildPhase section */

/* Begin PBXGroup section */
		53D142011C3D884D0051A7E9 = {
			isa = PBXGroup;
			children = (
				53D1420C1C3D884D0051A7E9 /* DownloadDemo */,
				53D142261C3D884D0051A7E9 /* DownloadDemoTests */,
				6050ADA1F1E5438D86340D44 /* Frameworks */,
				7D234D042A1C85E77C70807E /* Pods */,
				53D1420B1C3D884D0051A7E9 /* Products */,
			);
			sourceTree = "<group>";
		};
		53D1420B1C3D884D0051A7E9 /* Products */ = {
			isa = PBXGroup;
			children = (
				53D1420A1C3D884D0051A7E9 /* DownloadDemo.app */,
				53D142231C3D884D0051A7E9 /* DownloadDemoTests.xctest */,
			);
			name = Products;
			sourceTree = "<group>";
		};
		53D1420C1C3D884D0051A7E9 /* DownloadDemo */ = {
			isa = PBXGroup;
			children = (
				53D1420D1C3D884D0051A7E9 /* Supporting Files */,
				53D142191C3D884D0051A7E9 /* Assets.xcassets */,
				53D142101C3D884D0051A7E9 /* DDAppDelegate.h */,
				53D142111C3D884D0051A7E9 /* DDAppDelegate.m */,
				53D142131C3D884D0051A7E9 /* DDViewController.h */,
				53D142141C3D884D0051A7E9 /* DDViewController.m */,
				53D1421E1C3D884D0051A7E9 /* Info.plist */,
				53D1421B1C3D884D0051A7E9 /* LaunchScreen.storyboard */,
				53D142161C3D884D0051A7E9 /* Main.storyboard */,
			);
			path = DownloadDemo;
			sourceTree = "<group>";
		};
		53D1420D1C3D884D0051A7E9 /* Supporting Files */ = {
			isa = PBXGroup;
			children = (
				53D1420E1C3D884D0051A7E9 /* main.m */,
			);
			path = "Supporting Files";
			sourceTree = "<group>";
		};
		53D142261C3D884D0051A7E9 /* DownloadDemoTests */ = {
			isa = PBXGroup;
			children = (
				53D142271C3D884D0051A7E9 /* DownloadDemoTests.m */,
				53D142291C3D884D0051A7E9 /* Info.plist */,
			);
			path = DownloadDemoTests;
			sourceTree = "<group>";
		};
		6050ADA1F1E5438D86340D44 /* Frameworks */ = {
			isa = PBXGroup;
			children = (
				4BB87344AE9017CBEFC89563 /* libPods-DownloadDemo.a */,
			);
			name = Frameworks;
			sourceTree = "<group>";
		};
		7D234D042A1C85E77C70807E /* Pods */ = {
			isa = PBXGroup;
			children = (
				87EEFEF1B47046B38B9DAB8F /* Pods-DownloadDemo.debug.xcconfig */,
				17E60683C41944201638BC70 /* Pods-DownloadDemo.release.xcconfig */,
			);
			name = Pods;
			sourceTree = "<group>";
		};
/* End PBXGroup section */

/* Begin PBXNativeTarget section */
		53D142091C3D884D0051A7E9 /* DownloadDemo */ = {
			isa = PBXNativeTarget;
			buildConfigurationList = 53D1422C1C3D884D0051A7E9 /* Build configuration list for PBXNativeTarget "DownloadDemo" */;
			buildPhases = (
				DB59286B220C4B9F5C661978 /* Check Pods Manifest.lock */,
				53D142061C3D884D0051A7E9 /* Sources */,
				53D142071C3D884D0051A7E9 /* Frameworks */,
				53D142081C3D884D0051A7E9 /* Resources */,
				E39E747ABCDB326CD591F94E /* Embed Pods Frameworks */,
				1230D76891573A77E408FF9A /* Copy Pods Resources */,
			);
			buildRules = (
			);
			dependencies = (
			);
			name = DownloadDemo;
			productName = DownloadDemo;
			productReference = 53D1420A1C3D884D0051A7E9 /* DownloadDemo.app */;
			productType = "com.apple.product-type.application";
		};
		53D142221C3D884D0051A7E9 /* DownloadDemoTests */ = {
			isa = PBXNativeTarget;
			buildConfigurationList = 53D1422F1C3D884D0051A7E9 /* Build configuration list for PBXNativeTarget "DownloadDemoTests" */;
			buildPhases = (
				53D1421F1C3D884D0051A7E9 /* Sources */,
				53D142201C3D884D0051A7E9 /* Frameworks */,
				53D142211C3D884D0051A7E9 /* Resources */,
			);
			buildRules = (
			);
			dependencies = (
				53D142251C3D884D0051A7E9 /* PBXTargetDependency */,
			);
			name = DownloadDemoTests;
			productName = DownloadDemoTests;
			productReference = 53D142231C3D884D0051A7E9 /* DownloadDemoTests.xctest */;
			productType = "com.apple.product-type.bundle.unit-test";
		};
/* End PBXNativeTarget section */

/* Begin PBXProject section */
		53D142021C3D884D0051A7E9 /* Project object */ = {
			isa = PBXProject;
			attributes = {
				CLASSPREFIX = DD;
				LastUpgradeCheck = 0720;
				ORGANIZATIONNAME = "Data Empire";
				TargetAttributes = {
					53D142091C3D884D0051A7E9 = {
						CreatedOnToolsVersion = 7.2;
						DevelopmentTeam = LQ5WW9469F;
					};
					53D142221C3D884D0051A7E9 = {
						CreatedOnToolsVersion = 7.2;
						DevelopmentTeam = LQ5WW9469F;
						TestTargetID = 53D142091C3D884D0051A7E9;
					};
				};
			};
			buildConfigurationList = 53D142051C3D884D0051A7E9 /* Build configuration list for PBXProject "DownloadDemo" */;
			compatibilityVersion = "Xcode 3.2";
			developmentRegion = English;
			hasScannedForEncodings = 0;
			knownRegions = (
				en,
				Base,
			);
			mainGroup = 53D142011C3D884D0051A7E9;
			productRefGroup = 53D1420B1C3D884D0051A7E9 /* Products */;
			projectDirPath = "";
			projectRoot = "";
			targets = (
				53D142091C3D884D0051A7E9 /* DownloadDemo */,
				53D142221C3D884D0051A7E9 /* DownloadDemoTests */,
			);
		};
/* End PBXProject section */

/* Begin PBXResourcesBuildPhase section */
		53D142081C3D884D0051A7E9 /* Resources */ = {
			isa = PBXResourcesBuildPhase;
			buildActionMask = 2147483647;
			files = (
				53D1421D1C3D884D0051A7E9 /* LaunchScreen.storyboard in Resources */,
				53D1421A1C3D884D0051A7E9 /* Assets.xcassets in Resources */,
				53D142181C3D884D0051A7E9 /* Main.storyboard in Resources */,
			);
			runOnlyForDeploymentPostprocessing = 0;
		};
		53D142211C3D884D0051A7E9 /* Resources */ = {
			isa = PBXResourcesBuildPhase;
			buildActionMask = 2147483647;
			files = (
			);
			runOnlyForDeploymentPostprocessing = 0;
		};
/* End PBXResourcesBuildPhase section */

/* Begin PBXShellScriptBuildPhase section */
		1230D76891573A77E408FF9A /* Copy Pods Resources */ = {
			isa = PBXShellScriptBuildPhase;
			buildActionMask = 2147483647;
			files = (
			);
			inputPaths = (
			);
			name = "Copy Pods Resources";
			outputPaths = (
			);
			runOnlyForDeploymentPostprocessing = 0;
			shellPath = /bin/sh;
			shellScript = "\"${SRCROOT}/Pods/Target Support Files/Pods-DownloadDemo/Pods-DownloadDemo-resources.sh\"\n";
			showEnvVarsInLog = 0;
		};
		DB59286B220C4B9F5C661978 /* Check Pods Manifest.lock */ = {
			isa = PBXShellScriptBuildPhase;
			buildActionMask = 2147483647;
			files = (
			);
			inputPaths = (
			);
			name = "Check Pods Manifest.lock";
			outputPaths = (
			);
			runOnlyForDeploymentPostprocessing = 0;
			shellPath = /bin/sh;
			shellScript = "diff \"${PODS_ROOT}/../Podfile.lock\" \"${PODS_ROOT}/Manifest.lock\" > /dev/null\nif [[ $? != 0 ]] ; then\n    cat << EOM\nerror: The sandbox is not in sync with the Podfile.lock. Run 'pod install' or update your CocoaPods installation.\nEOM\n    exit 1\nfi\n";
			showEnvVarsInLog = 0;
		};
		E39E747ABCDB326CD591F94E /* Embed Pods Frameworks */ = {
			isa = PBXShellScriptBuildPhase;
			buildActionMask = 2147483647;
			files = (
			);
			inputPaths = (
			);
			name = "Embed Pods Frameworks";
			outputPaths = (
			);
			runOnlyForDeploymentPostprocessing = 0;
			shellPath = /bin/sh;
			shellScript = "\"${SRCROOT}/Pods/Target Support Files/Pods-DownloadDemo/Pods-DownloadDemo-frameworks.sh\"\n";
			showEnvVarsInLog = 0;
		};
/* End PBXShellScriptBuildPhase section */

/* Begin PBXSourcesBuildPhase section */
		53D142061C3D884D0051A7E9 /* Sources */ = {
			isa = PBXSourcesBuildPhase;
			buildActionMask = 2147483647;
			files = (
				53D142151C3D884D0051A7E9 /* DDViewController.m in Sources */,
				53D142121C3D884D0051A7E9 /* DDAppDelegate.m in Sources */,
				53D1420F1C3D884D0051A7E9 /* main.m in Sources */,
			);
			runOnlyForDeploymentPostprocessing = 0;
		};
		53D1421F1C3D884D0051A7E9 /* Sources */ = {
			isa = PBXSourcesBuildPhase;
			buildActionMask = 2147483647;
			files = (
				53D142281C3D884D0051A7E9 /* DownloadDemoTests.m in Sources */,
			);
			runOnlyForDeploymentPostprocessing = 0;
		};
/* End PBXSourcesBuildPhase section */

/* Begin PBXTargetDependency section */
		53D142251C3D884D0051A7E9 /* PBXTargetDependency */ = {
			isa = PBXTargetDependency;
			target = 53D142091C3D884D0051A7E9 /* DownloadDemo */;
			targetProxy = 53D142241C3D884D0051A7E9 /* PBXContainerItemProxy */;
		};
/* End PBXTargetDependency section */

/* Begin PBXVariantGroup section */
		53D142161C3D884D0051A7E9 /* Main.storyboard */ = {
			isa = PBXVariantGroup;
			children = (
				53D142171C3D884D0051A7E9 /* Base */,
			);
			name = Main.storyboard;
			path = .;
			sourceTree = "<group>";
		};
		53D1421B1C3D884D0051A7E9 /* LaunchScreen.storyboard */ = {
			isa = PBXVariantGroup;
			children = (
				53D1421C1C3D884D0051A7E9 /* Base */,
			);
			name = LaunchScreen.storyboard;
			path = .;
			sourceTree = "<group>";
		};
/* End PBXVariantGroup section */

/* Begin XCBuildConfiguration section */
		53D1422A1C3D884D0051A7E9 /* Debug */ = {
			isa = XCBuildConfiguration;
			buildSettings = {
				ALWAYS_SEARCH_USER_PATHS = NO;
				CLANG_CXX_LANGUAGE_STANDARD = "gnu++0x";
				CLANG_CXX_LIBRARY = "libc++";
				CLANG_ENABLE_MODULES = YES;
				CLANG_ENABLE_OBJC_ARC = YES;
				CLANG_WARN_BOOL_CONVERSION = YES;
				CLANG_WARN_CONSTANT_CONVERSION = YES;
				CLANG_WARN_DIRECT_OBJC_ISA_USAGE = YES_ERROR;
				CLANG_WARN_EMPTY_BODY = YES;
				CLANG_WARN_ENUM_CONVERSION = YES;
				CLANG_WARN_INT_CONVERSION = YES;
				CLANG_WARN_OBJC_ROOT_CLASS = YES_ERROR;
				CLANG_WARN_UNREACHABLE_CODE = YES;
				CLANG_WARN__DUPLICATE_METHOD_MATCH = YES;
				"CODE_SIGN_IDENTITY[sdk=iphoneos*]" = "iPhone Developer";
				COPY_PHASE_STRIP = NO;
				DEBUG_INFORMATION_FORMAT = dwarf;
				ENABLE_STRICT_OBJC_MSGSEND = YES;
				ENABLE_TESTABILITY = YES;
				GCC_C_LANGUAGE_STANDARD = gnu99;
				GCC_DYNAMIC_NO_PIC = NO;
				GCC_NO_COMMON_BLOCKS = YES;
				GCC_OPTIMIZATION_LEVEL = 0;
				GCC_PREPROCESSOR_DEFINITIONS = (
					"DEBUG=1",
					"$(inherited)",
				);
				GCC_WARN_64_TO_32_BIT_CONVERSION = YES;
				GCC_WARN_ABOUT_RETURN_TYPE = YES_ERROR;
				GCC_WARN_UNDECLARED_SELECTOR = YES;
				GCC_WARN_UNINITIALIZED_AUTOS = YES_AGGRESSIVE;
				GCC_WARN_UNUSED_FUNCTION = YES;
				GCC_WARN_UNUSED_VARIABLE = YES;
				IPHONEOS_DEPLOYMENT_TARGET = 9.2;
				MTL_ENABLE_DEBUG_INFO = YES;
				ONLY_ACTIVE_ARCH = YES;
				SDKROOT = iphoneos;
			};
			name = Debug;
		};
		53D1422B1C3D884D0051A7E9 /* Release */ = {
			isa = XCBuildConfiguration;
			buildSettings = {
				ALWAYS_SEARCH_USER_PATHS = NO;
				CLANG_CXX_LANGUAGE_STANDARD = "gnu++0x";
				CLANG_CXX_LIBRARY = "libc++";
				CLANG_ENABLE_MODULES = YES;
				CLANG_ENABLE_OBJC_ARC = YES;
				CLANG_WARN_BOOL_CONVERSION = YES;
				CLANG_WARN_CONSTANT_CONVERSION = YES;
				CLANG_WARN_DIRECT_OBJC_ISA_USAGE = YES_ERROR;
				CLANG_WARN_EMPTY_BODY = YES;
				CLANG_WARN_ENUM_CONVERSION = YES;
				CLANG_WARN_INT_CONVERSION = YES;
				CLANG_WARN_OBJC_ROOT_CLASS = YES_ERROR;
				CLANG_WARN_UNREACHABLE_CODE = YES;
				CLANG_WARN__DUPLICATE_METHOD_MATCH = YES;
				"CODE_SIGN_IDENTITY[sdk=iphoneos*]" = "iPhone Developer";
				COPY_PHASE_STRIP = NO;
				DEBUG_INFORMATION_FORMAT = "dwarf-with-dsym";
				ENABLE_NS_ASSERTIONS = NO;
				ENABLE_STRICT_OBJC_MSGSEND = YES;
				GCC_C_LANGUAGE_STANDARD = gnu99;
				GCC_NO_COMMON_BLOCKS = YES;
				GCC_WARN_64_TO_32_BIT_CONVERSION = YES;
				GCC_WARN_ABOUT_RETURN_TYPE = YES_ERROR;
				GCC_WARN_UNDECLARED_SELECTOR = YES;
				GCC_WARN_UNINITIALIZED_AUTOS = YES_AGGRESSIVE;
				GCC_WARN_UNUSED_FUNCTION = YES;
				GCC_WARN_UNUSED_VARIABLE = YES;
				IPHONEOS_DEPLOYMENT_TARGET = 9.2;
				MTL_ENABLE_DEBUG_INFO = NO;
				SDKROOT = iphoneos;
				VALIDATE_PRODUCT = YES;
			};
			name = Release;
		};
		53D1422D1C3D884D0051A7E9 /* Debug */ = {
			isa = XCBuildConfiguration;
			baseConfigurationReference = 87EEFEF1B47046B38B9DAB8F /* Pods-DownloadDemo.debug.xcconfig */;
			buildSettings = {
				ASSETCATALOG_COMPILER_APPICON_NAME = AppIcon;
				CODE_SIGN_IDENTITY = "iPhone Developer";
				INFOPLIST_FILE = DownloadDemo/Info.plist;
				IPHONEOS_DEPLOYMENT_TARGET = 9.2;
				LD_RUNPATH_SEARCH_PATHS = "$(inherited) @executable_path/Frameworks";
				PRODUCT_BUNDLE_IDENTIFIER = "info.data-empire.DownloadDemo";
				PRODUCT_NAME = "$(TARGET_NAME)";
			};
			name = Debug;
		};
		53D1422E1C3D884D0051A7E9 /* Release */ = {
			isa = XCBuildConfiguration;
			baseConfigurationReference = 17E60683C41944201638BC70 /* Pods-DownloadDemo.release.xcconfig */;
			buildSettings = {
				ASSETCATALOG_COMPILER_APPICON_NAME = AppIcon;
				CODE_SIGN_IDENTITY = "iPhone Developer";
				INFOPLIST_FILE = DownloadDemo/Info.plist;
				IPHONEOS_DEPLOYMENT_TARGET = 9.2;
				LD_RUNPATH_SEARCH_PATHS = "$(inherited) @executable_path/Frameworks";
				PRODUCT_BUNDLE_IDENTIFIER = "info.data-empire.DownloadDemo";
				PRODUCT_NAME = "$(TARGET_NAME)";
			};
			name = Release;
		};
		53D142301C3D884D0051A7E9 /* Debug */ = {
			isa = XCBuildConfiguration;
			buildSettings = {
				BUNDLE_LOADER = "$(TEST_HOST)";
				INFOPLIST_FILE = DownloadDemoTests/Info.plist;
				LD_RUNPATH_SEARCH_PATHS = "$(inherited) @executable_path/Frameworks @loader_path/Frameworks";
				PRODUCT_BUNDLE_IDENTIFIER = "info.data-empire.DownloadDemoTests";
				PRODUCT_NAME = "$(TARGET_NAME)";
				TEST_HOST = "$(BUILT_PRODUCTS_DIR)/DownloadDemo.app/DownloadDemo";
			};
			name = Debug;
		};
		53D142311C3D884D0051A7E9 /* Release */ = {
			isa = XCBuildConfiguration;
			buildSettings = {
				BUNDLE_LOADER = "$(TEST_HOST)";
				INFOPLIST_FILE = DownloadDemoTests/Info.plist;
				LD_RUNPATH_SEARCH_PATHS = "$(inherited) @executable_path/Frameworks @loader_path/Frameworks";
				PRODUCT_BUNDLE_IDENTIFIER = "info.data-empire.DownloadDemoTests";
				PRODUCT_NAME = "$(TARGET_NAME)";
				TEST_HOST = "$(BUILT_PRODUCTS_DIR)/DownloadDemo.app/DownloadDemo";
			};
			name = Release;
		};
/* End XCBuildConfiguration section */

/* Begin XCConfigurationList section */
		53D142051C3D884D0051A7E9 /* Build configuration list for PBXProject "DownloadDemo" */ = {
			isa = XCConfigurationList;
			buildConfigurations = (
				53D1422A1C3D884D0051A7E9 /* Debug */,
				53D1422B1C3D884D0051A7E9 /* Release */,
			);
			defaultConfigurationIsVisible = 0;
			defaultConfigurationName = Release;
		};
		53D1422C1C3D884D0051A7E9 /* Build configuration list for PBXNativeTarget "DownloadDemo" */ = {
			isa = XCConfigurationList;
			buildConfigurations = (
				53D1422D1C3D884D0051A7E9 /* Debug */,
				53D1422E1C3D884D0051A7E9 /* Release */,
			);
			defaultConfigurationIsVisible = 0;
			defaultConfigurationName = Release;
		};
		53D1422F1C3D884D0051A7E9 /* Build configuration list for PBXNativeTarget "DownloadDemoTests" */ = {
			isa = XCConfigurationList;
			buildConfigurations = (
				53D142301C3D884D0051A7E9 /* Debug */,
				53D142311C3D884D0051A7E9 /* Release */,
			);
			defaultConfigurationIsVisible = 0;
			defaultConfigurationName = Release;
		};
/* End XCConfigurationList section */
	};
	rootObject = 53D142021C3D884D0051A7E9 /* Project object */;
}
